# This file was autogenerated by Stack.
# You should not edit this file by hand.
# For more information, please see the documentation at:
#   https://docs.haskellstack.org/en/stable/topics/lock_files

packages:
- completed:
    hackage: QuickCheck-2.17.1.0@sha256:8f67f5f1acd1db9c8a247e60ad7fbece61850ee9973629e3f6ee7d277e97d0c1,8647
    pantry-tree:
      sha256: 265e219387b532769fcdd7b44a11289d99590336a5f4dfa198945d62cdd65471
      size: 2809
  original:
    hackage: QuickCheck-2.17.1.0@sha256:8f67f5f1acd1db9c8a247e60ad7fbece61850ee9973629e3f6ee7d277e97d0c1,8647
- completed:
    hackage: pretty-simple-4.1.4.0@sha256:0955c00b754088bbc8eeb72dbe3ec31d6d6818d020c539f7213e791987e7e0d0,3588
    pantry-tree:
      sha256: 862528895ae856ab9d6602afabb8cf4c81662b3bedff939cbff68f03f536c3f0
      size: 1127
  original:
    hackage: pretty-simple-4.1.4.0@sha256:0955c00b754088bbc8eeb72dbe3ec31d6d6818d020c539f7213e791987e7e0d0,3588
- completed:
    hackage: random-1.3.1@sha256:0b4f649c3e78713b2ccad1535251ee34b148237fb2229d7058c2b1d9ccc324b8,6004
    pantry-tree:
      sha256: 9e92209c00b0c00b7d1c503e15a27b67b74ac2e3b48269a9255893b06de6836c
      size: 1667
  original:
    hackage: random-1.3.1@sha256:0b4f649c3e78713b2ccad1535251ee34b148237fb2229d7058c2b1d9ccc324b8,6004
- completed:
    hackage: tasty-1.5.3@sha256:6b5dda3f16db1274a0b3e6c4073ac57172a1e96b1dca05666c5cbd1183639412,2923
    pantry-tree:
      sha256: 55cabcd98ff0f5c671a93fb138b8b8cb1cf223497b0fbf9207e6c519fd54a9e9
      size: 1944
  original:
    hackage: tasty-1.5.3@sha256:6b5dda3f16db1274a0b3e6c4073ac57172a1e96b1dca05666c5cbd1183639412,2923
- completed:
    hackage: tasty-hunit-0.10.2@sha256:22bc1122e8256664d7cb1e44c6bcace95676c523179947bf2403db71af43dc6d,1473
    pantry-tree:
      sha256: ddfcda3c96bbac5c56f7619b1e84917de767cd5843ed44a855127ed91e9502c5
      size: 399
  original:
    hackage: tasty-hunit-0.10.2@sha256:22bc1122e8256664d7cb1e44c6bcace95676c523179947bf2403db71af43dc6d,1473
- completed:
    hackage: tasty-quickcheck-0.11.1@sha256:bfb7a91061ec43d6c9b2b82d053186db73e32a92b39add073d8d00bef92a568f,1622
    pantry-tree:
      sha256: 4bd7f211c7dc3f7219714292f5bbdf21dc4c719c7608770c0e6bc1aa06534a23
      size: 333
  original:
    hackage: tasty-quickcheck-0.11.1@sha256:bfb7a91061ec43d6c9b2b82d053186db73e32a92b39add073d8d00bef92a568f,1622
- completed:
    hackage: ansi-terminal-1.1.5@sha256:408d9232e5304efead718f96138d6d7eb2da608c6121c5c0dc6a71a833b14320,3327
    pantry-tree:
      sha256: 081bff43a1d384922a9d9b7b27c96c1fa0ecadbd4dfe0e801b2931e06ee4b50f
      size: 1111
  original:
    hackage: ansi-terminal-1.1.5@sha256:408d9232e5304efead718f96138d6d7eb2da608c6121c5c0dc6a71a833b14320,3327
- completed:
    hackage: call-stack-0.4.0@sha256:ac44d2c00931dc20b01750da8c92ec443eb63a7231e8550188cb2ac2385f7feb,1200
    pantry-tree:
      sha256: 04134fa69cdd824b4e4bb7f77e7173e0705f27deabdbbf99549c549400191e1e
      size: 501
  original:
    hackage: call-stack-0.4.0@sha256:ac44d2c00931dc20b01750da8c92ec443eb63a7231e8550188cb2ac2385f7feb,1200
- completed:
    hackage: optparse-applicative-0.19.0.0@sha256:0b47b3ff7eb4a855b5f7d401690365fc62a32057374927ce0d478b620996222d,5813
    pantry-tree:
      sha256: 91733e6f053044a8b0dad22808cffb83f745299293312659c95a38edc79aadeb
      size: 4091
  original:
    hackage: optparse-applicative-0.19.0.0@sha256:0b47b3ff7eb4a855b5f7d401690365fc62a32057374927ce0d478b620996222d,5813
- completed:
    hackage: prettyprinter-1.7.1@sha256:9c43c9d8c3cd9f445596e5a2379574bba87f935a4d1fa41b5407ee3cf4edc743,6987
    pantry-tree:
      sha256: cd6f393bf7cba603a1958a139915fc343efd5488e36fd7b3b5c6956c002d04fa
      size: 3460
  original:
    hackage: prettyprinter-1.7.1@sha256:9c43c9d8c3cd9f445596e5a2379574bba87f935a4d1fa41b5407ee3cf4edc743,6987
- completed:
    hackage: prettyprinter-ansi-terminal-1.1.3@sha256:b00f727b964cf13adff7acf575a71fa7e405f5240aff50b07f10df76ab89f8d3,2574
    pantry-tree:
      sha256: b5d276267049502c72fdcd2f1d84c15b3598160d61de0482a2e5bb62c40bd4ea
      size: 820
  original:
    hackage: prettyprinter-ansi-terminal-1.1.3@sha256:b00f727b964cf13adff7acf575a71fa7e405f5240aff50b07f10df76ab89f8d3,2574
- completed:
    hackage: splitmix-0.1.3.2@sha256:a557cff65eed1f70f3a3b468423cd58e7a9a9564c5cc00c76a13de64dec9bcbd,3608
    pantry-tree:
      sha256: 95abfd61d6773801e9f18aa91bd5655cbc72b09d93525b98bafa17058f0351d8
      size: 880
  original:
    hackage: splitmix-0.1.3.2@sha256:a557cff65eed1f70f3a3b468423cd58e7a9a9564c5cc00c76a13de64dec9bcbd,3608
- completed:
    hackage: tagged-0.8.10@sha256:e9b97c98e9827981d62f37c5febf9e6bbb67acec92b8bd41fd9f7ace5eb31d32,2201
    pantry-tree:
      sha256: 5ba1ff7ad9a676b89a2a6ab00ac2100f30a21440ef8e04094614ab5b5f494b3f
      size: 438
  original:
    hackage: tagged-0.8.10@sha256:e9b97c98e9827981d62f37c5febf9e6bbb67acec92b8bd41fd9f7ace5eb31d32,2201
- completed:
    hackage: ansi-terminal-types-1.1.3@sha256:1d6061eceaf35a9ed269b81177dd4c8c60403a499526f7f68fdffa4ec7842e7f,1523
    pantry-tree:
      sha256: 99497d3d290b931b8aa15e341f74c14b9da8312f7610987973f634c68f640c69
      size: 365
  original:
    hackage: ansi-terminal-types-1.1.3@sha256:1d6061eceaf35a9ed269b81177dd4c8c60403a499526f7f68fdffa4ec7842e7f,1523
- completed:
    hackage: colour-2.3.6@sha256:ebdcbf15023958838a527e381ab3c3b1e99ed12d1b25efeb7feaa4ad8c37664a,2378
    pantry-tree:
      sha256: 03f8e22f364deb86098dbfbe0bf83c896437b2355f139abdac0402658fb6ac7e
      size: 1183
  original:
    hackage: colour-2.3.6@sha256:ebdcbf15023958838a527e381ab3c3b1e99ed12d1b25efeb7feaa4ad8c37664a,2378
snapshots: []
