# This file was autogenerated by Stack.
# You should not edit this file by hand.
# For more information, please see the documentation at:
#   https://docs.haskellstack.org/en/stable/lock_files

packages:
- completed:
    hackage: pretty-simple-4.0.0.0@sha256:a65be4ef40734eae1da7a88c9b73dbf1848f5a60b634dc4776fae60cafc85386,4071
    pantry-tree:
      sha256: dee251957a221350624b0f0ebbc3598dffc69310b94156e7c81f231d98311a6c
      size: 1229
  original:
    hackage: pretty-simple-4.0.0.0@sha256:a65be4ef40734eae1da7a88c9b73dbf1848f5a60b634dc4776fae60cafc85386,4071
- completed:
    hackage: random-1.2.1@sha256:8bee24dc0c985a90ee78d94c61f8aed21c49633686f0f1c14c5078d818ee43a2,6598
    pantry-tree:
      sha256: 8bdc994ce41f43624ab42302a881fe5a0f81d965f5d238841e24943664681a06
      size: 1528
  original:
    hackage: random-1.2.1@sha256:8bee24dc0c985a90ee78d94c61f8aed21c49633686f0f1c14c5078d818ee43a2,6598
- completed:
    hackage: cabal-doctest-1.0.9@sha256:b1fe3f3cc590c6d2c5ce8d5845e41a8a7d72621ed897b6c53312c1e772c2ab29,1467
    pantry-tree:
      sha256: eff354c6a823b23e0f0e96e605e44673065309e6bc512975893be67db30eab2a
      size: 334
  original:
    hackage: cabal-doctest-1.0.9@sha256:b1fe3f3cc590c6d2c5ce8d5845e41a8a7d72621ed897b6c53312c1e772c2ab29,1467
- completed:
    hackage: prettyprinter-1.7.1@sha256:9c43c9d8c3cd9f445596e5a2379574bba87f935a4d1fa41b5407ee3cf4edc743,6987
    pantry-tree:
      sha256: cd6f393bf7cba603a1958a139915fc343efd5488e36fd7b3b5c6956c002d04fa
      size: 3460
  original:
    hackage: prettyprinter-1.7.1@sha256:9c43c9d8c3cd9f445596e5a2379574bba87f935a4d1fa41b5407ee3cf4edc743,6987
- completed:
    hackage: prettyprinter-ansi-terminal-1.1.3@sha256:b00f727b964cf13adff7acf575a71fa7e405f5240aff50b07f10df76ab89f8d3,2574
    pantry-tree:
      sha256: b5d276267049502c72fdcd2f1d84c15b3598160d61de0482a2e5bb62c40bd4ea
      size: 820
  original:
    hackage: prettyprinter-ansi-terminal-1.1.3@sha256:b00f727b964cf13adff7acf575a71fa7e405f5240aff50b07f10df76ab89f8d3,2574
- completed:
    hackage: splitmix-0.1.0.4@sha256:714a55fd28d3e2533bd5b49e74f604ef8e5d7b06f249c8816f6c54aed431dcf1,6483
    pantry-tree:
      sha256: 79f4645c11b7a3861db0b596297f72804f509444d639a8fd7c0162b1ed80c578
      size: 1519
  original:
    hackage: splitmix-0.1.0.4@sha256:714a55fd28d3e2533bd5b49e74f604ef8e5d7b06f249c8816f6c54aed431dcf1,6483
- completed:
    hackage: ansi-terminal-0.11.1@sha256:e8428fcd5fe9d4e8a796a0c8107b7288a0a93ffaa8d761cf51f803384284bd77,3321
    pantry-tree:
      sha256: 766e3636d5d638f5c451b7384ca08907622ac7ecae643df75497b53f09c97ac2
      size: 1461
  original:
    hackage: ansi-terminal-0.11.1@sha256:e8428fcd5fe9d4e8a796a0c8107b7288a0a93ffaa8d761cf51f803384284bd77,3321
- completed:
    hackage: colour-2.3.6@sha256:ebdcbf15023958838a527e381ab3c3b1e99ed12d1b25efeb7feaa4ad8c37664a,2378
    pantry-tree:
      sha256: 03f8e22f364deb86098dbfbe0bf83c896437b2355f139abdac0402658fb6ac7e
      size: 1183
  original:
    hackage: colour-2.3.6@sha256:ebdcbf15023958838a527e381ab3c3b1e99ed12d1b25efeb7feaa4ad8c37664a,2378
- completed:
    hackage: QuickCheck-2.16.0.0@sha256:f4210647167f873196b01050ac074a44821b6687e26f792ad3474b6388c5f8b7,9208
    pantry-tree:
      sha256: d9ad9ff0ac7979e9ad808bd3485d17da1a386dda43a5c81b48901a0360290d81
      size: 2627
  original:
    hackage: QuickCheck-2.16.0.0@sha256:f4210647167f873196b01050ac074a44821b6687e26f792ad3474b6388c5f8b7,9208
- completed:
    hackage: tasty-hunit-0.10.2@sha256:22bc1122e8256664d7cb1e44c6bcace95676c523179947bf2403db71af43dc6d,1473
    pantry-tree:
      sha256: ddfcda3c96bbac5c56f7619b1e84917de767cd5843ed44a855127ed91e9502c5
      size: 399
  original:
    hackage: tasty-hunit-0.10.2@sha256:22bc1122e8256664d7cb1e44c6bcace95676c523179947bf2403db71af43dc6d,1473
- completed:
    hackage: tasty-quickcheck-0.11.1@sha256:fca860abe029f9d34cb5168d6a9ab438d7fc4c016c8c594bbf1655d58982fbf3,1622
    pantry-tree:
      sha256: f70a5087c1e92f139371da417328287d491c7481fee55fbc65dd79f77e97148b
      size: 333
  original:
    hackage: tasty-quickcheck-0.11.1@sha256:fca860abe029f9d34cb5168d6a9ab438d7fc4c016c8c594bbf1655d58982fbf3,1622
- completed:
    hackage: call-stack-0.4.0@sha256:ac44d2c00931dc20b01750da8c92ec443eb63a7231e8550188cb2ac2385f7feb,1200
    pantry-tree:
      sha256: 04134fa69cdd824b4e4bb7f77e7173e0705f27deabdbbf99549c549400191e1e
      size: 501
  original:
    hackage: call-stack-0.4.0@sha256:ac44d2c00931dc20b01750da8c92ec443eb63a7231e8550188cb2ac2385f7feb,1200
- completed:
    hackage: optparse-applicative-0.19.0.0@sha256:0b47b3ff7eb4a855b5f7d401690365fc62a32057374927ce0d478b620996222d,5813
    pantry-tree:
      sha256: 91733e6f053044a8b0dad22808cffb83f745299293312659c95a38edc79aadeb
      size: 4091
  original:
    hackage: optparse-applicative-0.19.0.0@sha256:0b47b3ff7eb4a855b5f7d401690365fc62a32057374927ce0d478b620996222d,5813
- completed:
    hackage: tagged-0.8.9@sha256:6aad7d2fd594bd51834450d97850b9959305951993ea739fa2bbc18b55d8767d,2123
    pantry-tree:
      sha256: 24b98df98d96ed0ac99294d5480c4be73116922729bd8824bee1ded571d508f3
      size: 438
  original:
    hackage: tagged-0.8.9@sha256:6aad7d2fd594bd51834450d97850b9959305951993ea739fa2bbc18b55d8767d,2123
- completed:
    hackage: tasty-1.5.3@sha256:6b5dda3f16db1274a0b3e6c4073ac57172a1e96b1dca05666c5cbd1183639412,2923
    pantry-tree:
      sha256: 55cabcd98ff0f5c671a93fb138b8b8cb1cf223497b0fbf9207e6c519fd54a9e9
      size: 1944
  original:
    hackage: tasty-1.5.3@sha256:6b5dda3f16db1274a0b3e6c4073ac57172a1e96b1dca05666c5cbd1183639412,2923
snapshots: []
